
Microsoft Visual Studio Solution File, Format Version 12.00
# Visual Studio 15
VisualStudioVersion = 15.0.28010.2048
MinimumVisualStudioVersion = 10.0.40219.1
Project("{FAE04EC0-301F-11D3-BF4B-00C04F79EFBC}") = "oop2", "oop2\oop2.csproj", "{CBB809AC-4DC4-4B0D-91CA-636E8E728073}"
EndProject
Global
	GlobalSection(SolutionConfigurationPlatforms) = preSolution
		Debug|Any CPU = Debug|Any CPU
		Release|Any CPU = Release|Any CPU
	EndGlobalSection
	GlobalSection(ProjectConfigurationPlatforms) = postSolution
		{CBB809AC-4DC4-4B0D-91CA-636E8E728073}.Debug|Any CPU.ActiveCfg = Debug|Any CPU
		{CBB809AC-4DC4-4B0D-91CA-636E8E728073}.Debug|Any CPU.Build.0 = Debug|Any CPU
		{CBB809AC-4DC4-4B0D-91CA-636E8E728073}.Release|Any CPU.ActiveCfg = Release|Any CPU
		{CBB809AC-4DC4-4B0D-91CA-636E8E728073}.Release|Any CPU.Build.0 = Release|Any CPU
	EndGlobalSection
	GlobalSection(SolutionProperties) = preSolution
		HideSolutionNode = FALSE
	EndGlobalSection
	GlobalSection(ExtensibilityGlobals) = postSolution
		SolutionGuid = {5457607E-AA38-43E5-A798-912B2044E537}
	EndGlobalSection
EndGlobal
